
Microsoft Visual Studio Solution File, Format Version 12.00
# Visual Studio Version 16
VisualStudioVersion = 16.0.31729.503
MinimumVisualStudioVersion = 10.0.40219.1
Project("{FAE04EC0-301F-11D3-BF4B-00C04F79EFBC}") = "Notes.Android", "Notes\Notes.Android\Notes.Android.csproj", "{B45BB967-B341-4ADB-9183-7DEA13FD5E44}"
EndProject
Project("{FAE04EC0-301F-11D3-BF4B-00C04F79EFBC}") = "Notes.iOS", "Notes\Notes.iOS\Notes.iOS.csproj", "{D9606417-DCE9-4195-938C-B66B5570DCC7}"
EndProject
Project("{FAE04EC0-301F-11D3-BF4B-00C04F79EFBC}") = "Notes", "Notes\Notes\Notes.csproj", "{984E4C66-DEA6-419D-A372-12617035AF15}"
EndProject
Global
	GlobalSection(SolutionConfigurationPlatforms) = preSolution
		Debug|Any CPU = Debug|Any CPU
		Debug|iPhone = Debug|iPhone
		Debug|iPhoneSimulator = Debug|iPhoneSimulator
		Release|Any CPU = Release|Any CPU
		Release|iPhone = Release|iPhone
		Release|iPhoneSimulator = Release|iPhoneSimulator
	EndGlobalSection
	GlobalSection(ProjectConfigurationPlatforms) = postSolution
		{B45BB967-B341-4ADB-9183-7DEA13FD5E44}.Debug|Any CPU.ActiveCfg = Debug|Any CPU
		{B45BB967-B341-4ADB-9183-7DEA13FD5E44}.Debug|Any CPU.Build.0 = Debug|Any CPU
		{B45BB967-B341-4ADB-9183-7DEA13FD5E44}.Debug|Any CPU.Deploy.0 = Debug|Any CPU
		{B45BB967-B341-4ADB-9183-7DEA13FD5E44}.Debug|iPhone.ActiveCfg = Debug|Any CPU
		{B45BB967-B341-4ADB-9183-7DEA13FD5E44}.Debug|iPhone.Build.0 = Debug|Any CPU
		{B45BB967-B341-4ADB-9183-7DEA13FD5E44}.Debug|iPhone.Deploy.0 = Debug|Any CPU
		{B45BB967-B341-4ADB-9183-7DEA13FD5E44}.Debug|iPhoneSimulator.ActiveCfg = Debug|Any CPU
		{B45BB967-B341-4ADB-9183-7DEA13FD5E44}.Debug|iPhoneSimulator.Build.0 = Debug|Any CPU
		{B45BB967-B341-4ADB-9183-7DEA13FD5E44}.Debug|iPhoneSimulator.Deploy.0 = Debug|Any CPU
		{B45BB967-B341-4ADB-9183-7DEA13FD5E44}.Release|Any CPU.ActiveCfg = Release|Any CPU
		{B45BB967-B341-4ADB-9183-7DEA13FD5E44}.Release|Any CPU.Build.0 = Release|Any CPU
		{B45BB967-B341-4ADB-9183-7DEA13FD5E44}.Release|Any CPU.Deploy.0 = Release|Any CPU
		{B45BB967-B341-4ADB-9183-7DEA13FD5E44}.Release|iPhone.ActiveCfg = Release|Any CPU
		{B45BB967-B341-4ADB-9183-7DEA13FD5E44}.Release|iPhone.Build.0 = Release|Any CPU
		{B45BB967-B341-4ADB-9183-7DEA13FD5E44}.Release|iPhone.Deploy.0 = Release|Any CPU
		{B45BB967-B341-4ADB-9183-7DEA13FD5E44}.Release|iPhoneSimulator.ActiveCfg = Release|Any CPU
		{B45BB967-B341-4ADB-9183-7DEA13FD5E44}.Release|iPhoneSimulator.Build.0 = Release|Any CPU
		{B45BB967-B341-4ADB-9183-7DEA13FD5E44}.Release|iPhoneSimulator.Deploy.0 = Release|Any CPU
		{D9606417-DCE9-4195-938C-B66B5570DCC7}.Debug|Any CPU.ActiveCfg = Debug|iPhone
		{D9606417-DCE9-4195-938C-B66B5570DCC7}.Debug|Any CPU.Build.0 = Debug|iPhone
		{D9606417-DCE9-4195-938C-B66B5570DCC7}.Debug|Any CPU.Deploy.0 = Debug|iPhone
		{D9606417-DCE9-4195-938C-B66B5570DCC7}.Debug|iPhone.ActiveCfg = Debug|iPhone
		{D9606417-DCE9-4195-938C-B66B5570DCC7}.Debug|iPhone.Build.0 = Debug|iPhone
		{D9606417-DCE9-4195-938C-B66B5570DCC7}.Debug|iPhone.Deploy.0 = Debug|iPhone
		{D9606417-DCE9-4195-938C-B66B5570DCC7}.Debug|iPhoneSimulator.ActiveCfg = Debug|iPhoneSimulator
		{D9606417-DCE9-4195-938C-B66B5570DCC7}.Debug|iPhoneSimulator.Build.0 = Debug|iPhoneSimulator
		{D9606417-DCE9-4195-938C-B66B5570DCC7}.Debug|iPhoneSimulator.Deploy.0 = Debug|iPhoneSimulator
		{D9606417-DCE9-4195-938C-B66B5570DCC7}.Release|Any CPU.ActiveCfg = Release|iPhoneSimulator
		{D9606417-DCE9-4195-938C-B66B5570DCC7}.Release|Any CPU.Build.0 = Release|iPhoneSimulator
		{D9606417-DCE9-4195-938C-B66B5570DCC7}.Release|Any CPU.Deploy.0 = Release|iPhoneSimulator
		{D9606417-DCE9-4195-938C-B66B5570DCC7}.Release|iPhone.ActiveCfg = Release|iPhone
		{D9606417-DCE9-4195-938C-B66B5570DCC7}.Release|iPhone.Build.0 = Release|iPhone
		{D9606417-DCE9-4195-938C-B66B5570DCC7}.Release|iPhone.Deploy.0 = Release|iPhone
		{D9606417-DCE9-4195-938C-B66B5570DCC7}.Release|iPhoneSimulator.ActiveCfg = Release|iPhoneSimulator
		{D9606417-DCE9-4195-938C-B66B5570DCC7}.Release|iPhoneSimulator.Build.0 = Release|iPhoneSimulator
		{D9606417-DCE9-4195-938C-B66B5570DCC7}.Release|iPhoneSimulator.Deploy.0 = Release|iPhoneSimulator
		{984E4C66-DEA6-419D-A372-12617035AF15}.Debug|Any CPU.ActiveCfg = Debug|Any CPU
		{984E4C66-DEA6-419D-A372-12617035AF15}.Debug|Any CPU.Build.0 = Debug|Any CPU
		{984E4C66-DEA6-419D-A372-12617035AF15}.Debug|Any CPU.Deploy.0 = Debug|Any CPU
		{984E4C66-DEA6-419D-A372-12617035AF15}.Debug|iPhone.ActiveCfg = Debug|Any CPU
		{984E4C66-DEA6-419D-A372-12617035AF15}.Debug|iPhone.Build.0 = Debug|Any CPU
		{984E4C66-DEA6-419D-A372-12617035AF15}.Debug|iPhone.Deploy.0 = Debug|Any CPU
		{984E4C66-DEA6-419D-A372-12617035AF15}.Debug|iPhoneSimulator.ActiveCfg = Debug|Any CPU
		{984E4C66-DEA6-419D-A372-12617035AF15}.Debug|iPhoneSimulator.Build.0 = Debug|Any CPU
		{984E4C66-DEA6-419D-A372-12617035AF15}.Debug|iPhoneSimulator.Deploy.0 = Debug|Any CPU
		{984E4C66-DEA6-419D-A372-12617035AF15}.Release|Any CPU.ActiveCfg = Release|Any CPU
		{984E4C66-DEA6-419D-A372-12617035AF15}.Release|Any CPU.Build.0 = Release|Any CPU
		{984E4C66-DEA6-419D-A372-12617035AF15}.Release|Any CPU.Deploy.0 = Release|Any CPU
		{984E4C66-DEA6-419D-A372-12617035AF15}.Release|iPhone.ActiveCfg = Release|Any CPU
		{984E4C66-DEA6-419D-A372-12617035AF15}.Release|iPhone.Build.0 = Release|Any CPU
		{984E4C66-DEA6-419D-A372-12617035AF15}.Release|iPhone.Deploy.0 = Release|Any CPU
		{984E4C66-DEA6-419D-A372-12617035AF15}.Release|iPhoneSimulator.ActiveCfg = Release|Any CPU
		{984E4C66-DEA6-419D-A372-12617035AF15}.Release|iPhoneSimulator.Build.0 = Release|Any CPU
		{984E4C66-DEA6-419D-A372-12617035AF15}.Release|iPhoneSimulator.Deploy.0 = Release|Any CPU
	EndGlobalSection
	GlobalSection(SolutionProperties) = preSolution
		HideSolutionNode = FALSE
	EndGlobalSection
	GlobalSection(ExtensibilityGlobals) = postSolution
		SolutionGuid = {23A7918D-412D-4A0E-B920-9CF34B38DDEF}
	EndGlobalSection
EndGlobal
